
Microsoft Visual Studio Solution File, Format Version 12.00
# Visual Studio Version 16
VisualStudioVersion = 16.0.30907.101
MinimumVisualStudioVersion = 10.0.40219.1
Project("{FAE04EC0-301F-11D3-BF4B-00C04F79EFBC}") = "The cheese race", "The cheese race\The cheese race.csproj", "{FE4F2258-7E53-4D54-A479-B41F9EF279A8}"
EndProject
Global
	GlobalSection(SolutionConfigurationPlatforms) = preSolution
		Debug|Any CPU = Debug|Any CPU
		Release|Any CPU = Release|Any CPU
	EndGlobalSection
	GlobalSection(ProjectConfigurationPlatforms) = postSolution
		{FE4F2258-7E53-4D54-A479-B41F9EF279A8}.Debug|Any CPU.ActiveCfg = Debug|Any CPU
		{FE4F2258-7E53-4D54-A479-B41F9EF279A8}.Debug|Any CPU.Build.0 = Debug|Any CPU
		{FE4F2258-7E53-4D54-A479-B41F9EF279A8}.Release|Any CPU.ActiveCfg = Release|Any CPU
		{FE4F2258-7E53-4D54-A479-B41F9EF279A8}.Release|Any CPU.Build.0 = Release|Any CPU
	EndGlobalSection
	GlobalSection(SolutionProperties) = preSolution
		HideSolutionNode = FALSE
	EndGlobalSection
	GlobalSection(ExtensibilityGlobals) = postSolution
		SolutionGuid = {3436BCB9-A0AC-4622-B8FD-93A12981C328}
	EndGlobalSection
EndGlobal
